
Microsoft Visual Studio Solution File, Format Version 12.00
# Visual Studio Version 17
VisualStudioVersion = 17.4.33213.308
MinimumVisualStudioVersion = 10.0.40219.1
Project("{FAE04EC0-301F-11D3-BF4B-00C04F79EFBC}") = "LoopForLesson", "LoopForLesson\LoopForLesson.csproj", "{58EE65DB-E6AF-4D80-9B1B-436EBBEA4B45}"
EndProject
Global
	GlobalSection(SolutionConfigurationPlatforms) = preSolution
		Debug|Any CPU = Debug|Any CPU
		Release|Any CPU = Release|Any CPU
	EndGlobalSection
	GlobalSection(ProjectConfigurationPlatforms) = postSolution
		{58EE65DB-E6AF-4D80-9B1B-436EBBEA4B45}.Debug|Any CPU.ActiveCfg = Debug|Any CPU
		{58EE65DB-E6AF-4D80-9B1B-436EBBEA4B45}.Debug|Any CPU.Build.0 = Debug|Any CPU
		{58EE65DB-E6AF-4D80-9B1B-436EBBEA4B45}.Release|Any CPU.ActiveCfg = Release|Any CPU
		{58EE65DB-E6AF-4D80-9B1B-436EBBEA4B45}.Release|Any CPU.Build.0 = Release|Any CPU
	EndGlobalSection
	GlobalSection(SolutionProperties) = preSolution
		HideSolutionNode = FALSE
	EndGlobalSection
	GlobalSection(ExtensibilityGlobals) = postSolution
		SolutionGuid = {53B7BDE4-6E50-4A46-8776-457D0191A91B}
	EndGlobalSection
EndGlobal
